
Microsoft Visual Studio Solution File, Format Version 12.00
# Visual Studio Version 17
VisualStudioVersion = 17.2.32616.157
MinimumVisualStudioVersion = 10.0.40219.1
Project("{FAE04EC0-301F-11D3-BF4B-00C04F79EFBC}") = "WebCrawler", "WebCrawler\WebCrawler.csproj", "{96E9220A-3F51-42FA-999B-AEEB3B0BB13A}"
EndProject
Global
	GlobalSection(SolutionConfigurationPlatforms) = preSolution
		Debug|Any CPU = Debug|Any CPU
		Release|Any CPU = Release|Any CPU
	EndGlobalSection
	GlobalSection(ProjectConfigurationPlatforms) = postSolution
		{96E9220A-3F51-42FA-999B-AEEB3B0BB13A}.Debug|Any CPU.ActiveCfg = Debug|Any CPU
		{96E9220A-3F51-42FA-999B-AEEB3B0BB13A}.Debug|Any CPU.Build.0 = Debug|Any CPU
		{96E9220A-3F51-42FA-999B-AEEB3B0BB13A}.Release|Any CPU.ActiveCfg = Release|Any CPU
		{96E9220A-3F51-42FA-999B-AEEB3B0BB13A}.Release|Any CPU.Build.0 = Release|Any CPU
	EndGlobalSection
	GlobalSection(SolutionProperties) = preSolution
		HideSolutionNode = FALSE
	EndGlobalSection
	GlobalSection(ExtensibilityGlobals) = postSolution
		SolutionGuid = {D82C34DC-0598-4685-9A4C-B0BA65B49235}
	EndGlobalSection
EndGlobal
